
Microsoft Visual Studio Solution File, Format Version 12.00
# Visual Studio Version 17
VisualStudioVersion = 17.10.35122.118
MinimumVisualStudioVersion = 10.0.40219.1
Project("{FAE04EC0-301F-11D3-BF4B-00C04F79EFBC}") = "CapaPresentacion", "CapaPresentacion\CapaPresentacion.csproj", "{31D64C76-6873-4315-B101-B00900C1BB38}"
EndProject
Project("{FAE04EC0-301F-11D3-BF4B-00C04F79EFBC}") = "CapaEntidad", "CapaEntidad\CapaEntidad.csproj", "{902511BF-7C47-46A8-9492-0961B1A2A537}"
EndProject
Project("{FAE04EC0-301F-11D3-BF4B-00C04F79EFBC}") = "CapaDatos", "CapaDatos\CapaDatos.csproj", "{291B29B1-A050-4F43-B12A-EEE6F37CB8E1}"
EndProject
Project("{FAE04EC0-301F-11D3-BF4B-00C04F79EFBC}") = "CapaLogica", "CapaLogica\CapaLogica.csproj", "{692B37F3-0E91-433D-8EF2-44CD2E0C3AAE}"
EndProject
Project("{2150E333-8FDC-42A3-9474-1A3956D46DE8}") = "01 - Datos", "01 - Datos", "{8A43B334-82AB-45FF-AAE1-E31C1B1D9133}"
EndProject
Project("{2150E333-8FDC-42A3-9474-1A3956D46DE8}") = "02 - Gestion", "02 - Gestion", "{6B725DD1-CA32-4BCF-9801-987B6B2445A8}"
EndProject
Project("{2150E333-8FDC-42A3-9474-1A3956D46DE8}") = "03 - Presentacion", "03 - Presentacion", "{3EF0C76D-D955-4600-8B16-046B84807849}"
EndProject
Project("{FAE04EC0-301F-11D3-BF4B-00C04F79EFBC}") = "CapaILogica", "CapaILogica\CapaILogica.csproj", "{9AA83025-56F7-4961-AC2B-E33CC1C5D6D5}"
EndProject
Project("{2150E333-8FDC-42A3-9474-1A3956D46DE8}") = "01 - Server", "01 - Server", "{F1129B3E-21F8-459C-87D0-24839D8DE1D1}"
EndProject
Project("{2150E333-8FDC-42A3-9474-1A3956D46DE8}") = "02 - Client", "02 - Client", "{8D0CDF59-B1D8-4E4A-8E0D-DCA20797D5E5}"
EndProject
Project("{FAE04EC0-301F-11D3-BF4B-00C04F79EFBC}") = "WCF", "WCF\WCF.csproj", "{1B7885E4-2EAD-4FB9-B320-00675CA138E1}"
EndProject
Project("{FAE04EC0-301F-11D3-BF4B-00C04F79EFBC}") = "WCF.WinApp", "WCF.WinApp\WCF.WinApp.csproj", "{43D1732D-0B8F-4555-9CFF-8060DF0867A3}"
EndProject
Project("{FAE04EC0-301F-11D3-BF4B-00C04F79EFBC}") = "CapaLogica.EmailService", "CapaLogica.EmailService\CapaLogica.EmailService.csproj", "{AC82CB4E-9D9E-4C24-A88D-F0B59DDE12CA}"
EndProject
Global
	GlobalSection(SolutionConfigurationPlatforms) = preSolution
		Debug|Any CPU = Debug|Any CPU
		Release|Any CPU = Release|Any CPU
	EndGlobalSection
	GlobalSection(ProjectConfigurationPlatforms) = postSolution
		{31D64C76-6873-4315-B101-B00900C1BB38}.Debug|Any CPU.ActiveCfg = Debug|Any CPU
		{31D64C76-6873-4315-B101-B00900C1BB38}.Debug|Any CPU.Build.0 = Debug|Any CPU
		{31D64C76-6873-4315-B101-B00900C1BB38}.Release|Any CPU.ActiveCfg = Release|Any CPU
		{31D64C76-6873-4315-B101-B00900C1BB38}.Release|Any CPU.Build.0 = Release|Any CPU
		{902511BF-7C47-46A8-9492-0961B1A2A537}.Debug|Any CPU.ActiveCfg = Debug|Any CPU
		{902511BF-7C47-46A8-9492-0961B1A2A537}.Debug|Any CPU.Build.0 = Debug|Any CPU
		{902511BF-7C47-46A8-9492-0961B1A2A537}.Release|Any CPU.ActiveCfg = Release|Any CPU
		{902511BF-7C47-46A8-9492-0961B1A2A537}.Release|Any CPU.Build.0 = Release|Any CPU
		{291B29B1-A050-4F43-B12A-EEE6F37CB8E1}.Debug|Any CPU.ActiveCfg = Debug|Any CPU
		{291B29B1-A050-4F43-B12A-EEE6F37CB8E1}.Debug|Any CPU.Build.0 = Debug|Any CPU
		{291B29B1-A050-4F43-B12A-EEE6F37CB8E1}.Release|Any CPU.ActiveCfg = Release|Any CPU
		{291B29B1-A050-4F43-B12A-EEE6F37CB8E1}.Release|Any CPU.Build.0 = Release|Any CPU
		{692B37F3-0E91-433D-8EF2-44CD2E0C3AAE}.Debug|Any CPU.ActiveCfg = Debug|Any CPU
		{692B37F3-0E91-433D-8EF2-44CD2E0C3AAE}.Debug|Any CPU.Build.0 = Debug|Any CPU
		{692B37F3-0E91-433D-8EF2-44CD2E0C3AAE}.Release|Any CPU.ActiveCfg = Release|Any CPU
		{692B37F3-0E91-433D-8EF2-44CD2E0C3AAE}.Release|Any CPU.Build.0 = Release|Any CPU
		{9AA83025-56F7-4961-AC2B-E33CC1C5D6D5}.Debug|Any CPU.ActiveCfg = Debug|Any CPU
		{9AA83025-56F7-4961-AC2B-E33CC1C5D6D5}.Debug|Any CPU.Build.0 = Debug|Any CPU
		{9AA83025-56F7-4961-AC2B-E33CC1C5D6D5}.Release|Any CPU.ActiveCfg = Release|Any CPU
		{9AA83025-56F7-4961-AC2B-E33CC1C5D6D5}.Release|Any CPU.Build.0 = Release|Any CPU
		{1B7885E4-2EAD-4FB9-B320-00675CA138E1}.Debug|Any CPU.ActiveCfg = Debug|Any CPU
		{1B7885E4-2EAD-4FB9-B320-00675CA138E1}.Debug|Any CPU.Build.0 = Debug|Any CPU
		{1B7885E4-2EAD-4FB9-B320-00675CA138E1}.Release|Any CPU.ActiveCfg = Release|Any CPU
		{1B7885E4-2EAD-4FB9-B320-00675CA138E1}.Release|Any CPU.Build.0 = Release|Any CPU
		{43D1732D-0B8F-4555-9CFF-8060DF0867A3}.Debug|Any CPU.ActiveCfg = Debug|Any CPU
		{43D1732D-0B8F-4555-9CFF-8060DF0867A3}.Debug|Any CPU.Build.0 = Debug|Any CPU
		{43D1732D-0B8F-4555-9CFF-8060DF0867A3}.Release|Any CPU.ActiveCfg = Release|Any CPU
		{43D1732D-0B8F-4555-9CFF-8060DF0867A3}.Release|Any CPU.Build.0 = Release|Any CPU
		{AC82CB4E-9D9E-4C24-A88D-F0B59DDE12CA}.Debug|Any CPU.ActiveCfg = Debug|Any CPU
		{AC82CB4E-9D9E-4C24-A88D-F0B59DDE12CA}.Debug|Any CPU.Build.0 = Debug|Any CPU
		{AC82CB4E-9D9E-4C24-A88D-F0B59DDE12CA}.Release|Any CPU.ActiveCfg = Release|Any CPU
		{AC82CB4E-9D9E-4C24-A88D-F0B59DDE12CA}.Release|Any CPU.Build.0 = Release|Any CPU
	EndGlobalSection
	GlobalSection(SolutionProperties) = preSolution
		HideSolutionNode = FALSE
	EndGlobalSection
	GlobalSection(NestedProjects) = preSolution
		{31D64C76-6873-4315-B101-B00900C1BB38} = {8D0CDF59-B1D8-4E4A-8E0D-DCA20797D5E5}
		{902511BF-7C47-46A8-9492-0961B1A2A537} = {8A43B334-82AB-45FF-AAE1-E31C1B1D9133}
		{291B29B1-A050-4F43-B12A-EEE6F37CB8E1} = {8A43B334-82AB-45FF-AAE1-E31C1B1D9133}
		{692B37F3-0E91-433D-8EF2-44CD2E0C3AAE} = {6B725DD1-CA32-4BCF-9801-987B6B2445A8}
		{9AA83025-56F7-4961-AC2B-E33CC1C5D6D5} = {6B725DD1-CA32-4BCF-9801-987B6B2445A8}
		{F1129B3E-21F8-459C-87D0-24839D8DE1D1} = {3EF0C76D-D955-4600-8B16-046B84807849}
		{8D0CDF59-B1D8-4E4A-8E0D-DCA20797D5E5} = {3EF0C76D-D955-4600-8B16-046B84807849}
		{1B7885E4-2EAD-4FB9-B320-00675CA138E1} = {F1129B3E-21F8-459C-87D0-24839D8DE1D1}
		{43D1732D-0B8F-4555-9CFF-8060DF0867A3} = {F1129B3E-21F8-459C-87D0-24839D8DE1D1}
		{AC82CB4E-9D9E-4C24-A88D-F0B59DDE12CA} = {6B725DD1-CA32-4BCF-9801-987B6B2445A8}
	EndGlobalSection
	GlobalSection(ExtensibilityGlobals) = postSolution
		SolutionGuid = {5067A7B6-7BF2-4074-8C27-759F19A42E91}
	EndGlobalSection
EndGlobal
